
Microsoft Visual Studio Solution File, Format Version 12.00
# Visual Studio Version 17
VisualStudioVersion = 17.8.34316.72
MinimumVisualStudioVersion = 10.0.40219.1
Project("{FAE04EC0-301F-11D3-BF4B-00C04F79EFBC}") = "WebApplication2", "WebApplication2\WebApplication2.csproj", "{4E4022E1-FD1D-4AA7-862D-901D6C14C7DD}"
EndProject
Global
	GlobalSection(SolutionConfigurationPlatforms) = preSolution
		Debug|Any CPU = Debug|Any CPU
		Release|Any CPU = Release|Any CPU
	EndGlobalSection
	GlobalSection(ProjectConfigurationPlatforms) = postSolution
		{4E4022E1-FD1D-4AA7-862D-901D6C14C7DD}.Debug|Any CPU.ActiveCfg = Debug|Any CPU
		{4E4022E1-FD1D-4AA7-862D-901D6C14C7DD}.Debug|Any CPU.Build.0 = Debug|Any CPU
		{4E4022E1-FD1D-4AA7-862D-901D6C14C7DD}.Release|Any CPU.ActiveCfg = Release|Any CPU
		{4E4022E1-FD1D-4AA7-862D-901D6C14C7DD}.Release|Any CPU.Build.0 = Release|Any CPU
	EndGlobalSection
	GlobalSection(SolutionProperties) = preSolution
		HideSolutionNode = FALSE
	EndGlobalSection
	GlobalSection(ExtensibilityGlobals) = postSolution
		SolutionGuid = {82B93450-2DBF-4BF7-AB33-1A068C3EF87F}
	EndGlobalSection
EndGlobal
